<?xml version="1.0" encoding="utf-8"?>
<Project ToolsVersion="4.0" xmlns="http://schemas.microsoft.com/developer/msbuild/2003">
  <ItemGroup>
    <ClCompile Include="main.cpp" />
    <ClCompile Include="logic\init_service\login_mgr.cpp">
      <Filter>logic\init_service</Filter>
    </ClCompile>
    <ClCompile Include="logic\init_service\login_mgr_module.cpp">
      <Filter>logic\init_service</Filter>
    </ClCompile>
    <ClCompile Include="logic\init_service\account.cpp">
      <Filter>logic\init_service</Filter>
    </ClCompile>
    <ClCompile Include="logic\init_service\module_create.cpp">
      <Filter>logic\init_service</Filter>
    </ClCompile>
    <ClCompile Include="logic\init_service\module_name.cpp">
      <Filter>logic\init_service</Filter>
    </ClCompile>
  </ItemGroup>
  <ItemGroup>
    <Filter Include="logic">
      <UniqueIdentifier>{48ecb0b7-fcb7-4067-9052-4ca376e37ce8}</UniqueIdentifier>
    </Filter>
    <Filter Include="logic\init_service">
      <UniqueIdentifier>{3d521429-9c45-4651-83d1-bf99946f2322}</UniqueIdentifier>
    </Filter>
  </ItemGroup>
  <ItemGroup>
    <ClInclude Include="logic\init_service\login_mgr.h">
      <Filter>logic\init_service</Filter>
    </ClInclude>
    <ClInclude Include="logic\init_service\login_mgr_module.h">
      <Filter>logic\init_service</Filter>
    </ClInclude>
    <ClInclude Include="logic\init_service\account.h">
      <Filter>logic\init_service</Filter>
    </ClInclude>
    <ClInclude Include="logic\init_service\module_create.h">
      <Filter>logic\init_service</Filter>
    </ClInclude>
    <ClInclude Include="logic\init_service\module_name.h">
      <Filter>logic\init_service</Filter>
    </ClInclude>
  </ItemGroup>
</Project>