<?xml version="1.0" encoding="utf-8"?>
<Project ToolsVersion="4.0" xmlns="http://schemas.microsoft.com/developer/msbuild/2003">
  <ItemGroup>
    <ClInclude Include="logic\init_service\gateway_mgr.h">
      <Filter>logic\init_service</Filter>
    </ClInclude>
    <ClInclude Include="logic\init_service\gateway_mgr_module.h">
      <Filter>logic\init_service</Filter>
    </ClInclude>
    <ClInclude Include="logic\init_service\gateway_role.h">
      <Filter>logic\init_service</Filter>
    </ClInclude>
    <ClInclude Include="logic\test_12\test_module_12.h">
      <Filter>logic\test_12</Filter>
    </ClInclude>
    <ClInclude Include="logic\test_11\test_module_11.h">
      <Filter>logic\test_11</Filter>
    </ClInclude>
    <ClInclude Include="logic\test_10\test_module_10.h">
      <Filter>logic\test_10</Filter>
    </ClInclude>
    <ClInclude Include="logic\role\component_role_base.h">
      <Filter>logic\role</Filter>
    </ClInclude>
    <ClInclude Include="logic\role\role.h">
      <Filter>logic\role</Filter>
    </ClInclude>
  </ItemGroup>
  <ItemGroup>
    <ClCompile Include="main.cpp" />
    <ClCompile Include="logic\init_service\gateway_mgr.cpp">
      <Filter>logic\init_service</Filter>
    </ClCompile>
    <ClCompile Include="logic\init_service\gateway_mgr_module.cpp">
      <Filter>logic\init_service</Filter>
    </ClCompile>
    <ClCompile Include="logic\init_service\gateway_role.cpp">
      <Filter>logic\init_service</Filter>
    </ClCompile>
    <ClCompile Include="logic\test_12\test_module_12.cpp">
      <Filter>logic\test_12</Filter>
    </ClCompile>
    <ClCompile Include="logic\test_11\test_module_11.cpp">
      <Filter>logic\test_11</Filter>
    </ClCompile>
    <ClCompile Include="logic\test_10\test_module_10.cpp">
      <Filter>logic\test_10</Filter>
    </ClCompile>
    <ClCompile Include="logic\role\component_role_base.cpp">
      <Filter>logic\role</Filter>
    </ClCompile>
    <ClCompile Include="logic\role\role.cpp">
      <Filter>logic\role</Filter>
    </ClCompile>
  </ItemGroup>
  <ItemGroup>
    <Filter Include="logic">
      <UniqueIdentifier>{9fc74d54-78ab-468b-86fd-ba95ecfd17e9}</UniqueIdentifier>
    </Filter>
    <Filter Include="logic\init_service">
      <UniqueIdentifier>{c28cdd07-9422-4a05-a727-4aef7162b374}</UniqueIdentifier>
    </Filter>
    <Filter Include="logic\test_12">
      <UniqueIdentifier>{a0dafe8a-e690-4d0b-8541-48b32681d97a}</UniqueIdentifier>
    </Filter>
    <Filter Include="logic\test_10">
      <UniqueIdentifier>{fd0d431f-81a5-4a66-b91f-ce198353d7de}</UniqueIdentifier>
    </Filter>
    <Filter Include="logic\test_11">
      <UniqueIdentifier>{0b1f4f5b-dd34-4f03-a1ac-fe54bb009a4d}</UniqueIdentifier>
    </Filter>
    <Filter Include="logic\role">
      <UniqueIdentifier>{09455768-e87d-45fd-aac3-62161e7dc3ac}</UniqueIdentifier>
    </Filter>
  </ItemGroup>
</Project>