<?xml version="1.0" encoding="utf-8"?>
<Project ToolsVersion="4.0" xmlns="http://schemas.microsoft.com/developer/msbuild/2003">
  <ItemGroup>
    <Filter Include="src">
      <UniqueIdentifier>{a4737dc5-3fcd-4f47-8519-1d6bd9845a01}</UniqueIdentifier>
    </Filter>
    <Filter Include="src\core">
      <UniqueIdentifier>{a6d05858-6f78-47ee-ba00-1adbc6efc136}</UniqueIdentifier>
    </Filter>
    <Filter Include="src\rpc">
      <UniqueIdentifier>{660daeba-ea36-43e9-ba39-9af1799eaa09}</UniqueIdentifier>
    </Filter>
    <Filter Include="src\pub_sub">
      <UniqueIdentifier>{32664a46-1b9a-4d81-beba-ec9cbdc779d9}</UniqueIdentifier>
    </Filter>
  </ItemGroup>
  <ItemGroup>
    <ClInclude Include="pb_init.h" />
    <ClInclude Include="src\login_msg.pb.h">
      <Filter>src</Filter>
    </ClInclude>
    <ClInclude Include="src\core\error_code.pb.h">
      <Filter>src\core</Filter>
    </ClInclude>
    <ClInclude Include="src\core\protocol.pb.h">
      <Filter>src\core</Filter>
    </ClInclude>
    <ClInclude Include="src\rpc\rpc_login.pb.h">
      <Filter>src\rpc</Filter>
    </ClInclude>
    <ClInclude Include="src\rpc\rpc_protocol.pb.h">
      <Filter>src\rpc</Filter>
    </ClInclude>
    <ClInclude Include="src\pub_sub\pub_sub_protocol.pb.h">
      <Filter>src\pub_sub</Filter>
    </ClInclude>
    <ClInclude Include="src\pub_sub\pub_sub_test.pb.h">
      <Filter>src\pub_sub</Filter>
    </ClInclude>
  </ItemGroup>
  <ItemGroup>
    <ClCompile Include="src\login_msg.pb.cc">
      <Filter>src</Filter>
    </ClCompile>
    <ClCompile Include="src\core\error_code.pb.cc">
      <Filter>src\core</Filter>
    </ClCompile>
    <ClCompile Include="src\core\protocol.pb.cc">
      <Filter>src\core</Filter>
    </ClCompile>
    <ClCompile Include="src\rpc\rpc_login.pb.cc">
      <Filter>src\rpc</Filter>
    </ClCompile>
    <ClCompile Include="src\rpc\rpc_protocol.pb.cc">
      <Filter>src\rpc</Filter>
    </ClCompile>
    <ClCompile Include="src\pub_sub\pub_sub_protocol.pb.cc">
      <Filter>src\pub_sub</Filter>
    </ClCompile>
    <ClCompile Include="src\pub_sub\pub_sub_test.pb.cc">
      <Filter>src\pub_sub</Filter>
    </ClCompile>
  </ItemGroup>
</Project>